PODS:
  - Alamofire (5.8.0)
  - fawry_sdk (0.0.1):
    - Alamofire
    - FawryPaySDK
    - Flutter
    - IQKeyboardManagerSwift
    - MBRadioButton
    - RxSwift
    - SDWebImage
    - SVProgressHUD
    - SwiftMessages
  - FawryPaySDK (0.1.20):
    - Alamofire
    - IQKeyboardManagerSwift (~> 6.5.11)
    - MBRadioButton (~> 1.4)
    - RxSwift (~> 6.5.0)
    - SDWebImage (~> 5.15.0)
    - SwiftMessages (~> 9.0.6)
  - Flutter (1.0.0)
  - IQKeyboardManagerSwift (6.5.13)
  - MBRadioButton (1.4)
  - RxSwift (6.5.0)
  - SDWebImage (5.15.8):
    - SDWebImage/Core (= 5.15.8)
  - SDWebImage/Core (5.15.8)
  - SVProgressHUD (2.2.5)
  - SwiftMessages (9.0.6):
    - SwiftMessages/App (= 9.0.6)
  - SwiftMessages/App (9.0.6)

DEPENDENCIES:
  - fawry_sdk (from `.symlinks/plugins/fawry_sdk/ios`)
  - Flutter (from `Flutter`)

SPEC REPOS:
  trunk:
    - Alamofire
    - FawryPaySDK
    - IQKeyboardManagerSwift
    - MBRadioButton
    - RxSwift
    - SDWebImage
    - SVProgressHUD
    - SwiftMessages

EXTERNAL SOURCES:
  fawry_sdk:
    :path: ".symlinks/plugins/fawry_sdk/ios"
  Flutter:
    :path: Flutter

SPEC CHECKSUMS:
  Alamofire: 0e92e751b3e9e66d7982db43919d01f313b8eb91
  fawry_sdk: 9874bb74160a3c545e034792752762a07abaee6a
  FawryPaySDK: 5b4b2c3a89c4c608bb12bcf7debe7a07790802d0
  Flutter: f04841e97a9d0b0a8025694d0796dd46242b2854
  IQKeyboardManagerSwift: 69b5fb9960edff37263d45c44fd97427e1f8c22b
  MBRadioButton: dcf111c9bb633d4cf6e83200d804af6e025033c8
  RxSwift: 5710a9e6b17f3c3d6e40d6e559b9fa1e813b2ef8
  SDWebImage: cb032eba469c54e0000e78bcb0a13cdde0a52798
  SVProgressHUD: 1428aafac632c1f86f62aa4243ec12008d7a51d6
  SwiftMessages: f0c7ef4705a570ad6c5e208b611f4333e660ed92

PODFILE CHECKSUM: 4c524c5b550ebc35eea1ec81b43d236c915c0485

COCOAPODS: 1.12.1
